// !$*UTF8*$!
{
	archiveVersion = 1;
	classes = {
	};
	objectVersion = 56;
	objects = {

/* Begin PBXBuildFile section */
		6A7E79A328FF01B6008857EA /* DataManager.swift in Sources */ = {isa = PBXBuildFile; fileRef = 6A7E79A228FF01B6008857EA /* DataManager.swift */; };
		6A7E79A528FF17BE008857EA /* TabBarViewController.swift in Sources */ = {isa = PBXBuildFile; fileRef = 6A7E79A428FF17BE008857EA /* TabBarViewController.swift */; };
		6A7E79A728FF1BBB008857EA /* ExtendedListViewController.swift in Sources */ = {isa = PBXBuildFile; fileRef = 6A7E79A628FF1BBB008857EA /* ExtendedListViewController.swift */; };
		EF67EDD228FE7155006C8C93 /* AppDelegate.swift in Sources */ = {isa = PBXBuildFile; fileRef = EF67EDD128FE7155006C8C93 /* AppDelegate.swift */; };
		EF67EDD428FE7155006C8C93 /* SceneDelegate.swift in Sources */ = {isa = PBXBuildFile; fileRef = EF67EDD328FE7155006C8C93 /* SceneDelegate.swift */; };
		EF67EDD928FE7155006C8C93 /* Main.storyboard in Resources */ = {isa = PBXBuildFile; fileRef = EF67EDD728FE7155006C8C93 /* Main.storyboard */; };
		EF67EDDB28FE7157006C8C93 /* Assets.xcassets in Resources */ = {isa = PBXBuildFile; fileRef = EF67EDDA28FE7157006C8C93 /* Assets.xcassets */; };
		EF67EDDE28FE7157006C8C93 /* LaunchScreen.storyboard in Resources */ = {isa = PBXBuildFile; fileRef = EF67EDDC28FE7157006C8C93 /* LaunchScreen.storyboard */; };
		EF67EDE628FE73CF006C8C93 /* PersonListViewController.swift in Sources */ = {isa = PBXBuildFile; fileRef = EF67EDE528FE73CF006C8C93 /* PersonListViewController.swift */; };
		EF67EDE828FE73FE006C8C93 /* Person.swift in Sources */ = {isa = PBXBuildFile; fileRef = EF67EDE728FE73FE006C8C93 /* Person.swift */; };
		EF67EDEA28FEC27F006C8C93 /* PersonDetailsViewController.swift in Sources */ = {isa = PBXBuildFile; fileRef = EF67EDE928FEC27F006C8C93 /* PersonDetailsViewController.swift */; };
/* End PBXBuildFile section */

/* Begin PBXFileReference section */
		6A7E79A228FF01B6008857EA /* DataManager.swift */ = {isa = PBXFileReference; lastKnownFileType = sourcecode.swift; path = DataManager.swift; sourceTree = "<group>"; };
		6A7E79A428FF17BE008857EA /* TabBarViewController.swift */ = {isa = PBXFileReference; lastKnownFileType = sourcecode.swift; path = TabBarViewController.swift; sourceTree = "<group>"; };
		6A7E79A628FF1BBB008857EA /* ExtendedListViewController.swift */ = {isa = PBXFileReference; lastKnownFileType = sourcecode.swift; path = ExtendedListViewController.swift; sourceTree = "<group>"; };
		EF67EDCE28FE7155006C8C93 /* ContactList.app */ = {isa = PBXFileReference; explicitFileType = wrapper.application; includeInIndex = 0; path = ContactList.app; sourceTree = BUILT_PRODUCTS_DIR; };
		EF67EDD128FE7155006C8C93 /* AppDelegate.swift */ = {isa = PBXFileReference; lastKnownFileType = sourcecode.swift; path = AppDelegate.swift; sourceTree = "<group>"; };
		EF67EDD328FE7155006C8C93 /* SceneDelegate.swift */ = {isa = PBXFileReference; lastKnownFileType = sourcecode.swift; path = SceneDelegate.swift; sourceTree = "<group>"; };
		EF67EDD828FE7155006C8C93 /* Base */ = {isa = PBXFileReference; lastKnownFileType = file.storyboard; name = Base; path = Base.lproj/Main.storyboard; sourceTree = "<group>"; };
		EF67EDDA28FE7157006C8C93 /* Assets.xcassets */ = {isa = PBXFileReference; lastKnownFileType = folder.assetcatalog; path = Assets.xcassets; sourceTree = "<group>"; };
		EF67EDDD28FE7157006C8C93 /* Base */ = {isa = PBXFileReference; lastKnownFileType = file.storyboard; name = Base; path = Base.lproj/LaunchScreen.storyboard; sourceTree = "<group>"; };
		EF67EDDF28FE7157006C8C93 /* Info.plist */ = {isa = PBXFileReference; lastKnownFileType = text.plist.xml; path = Info.plist; sourceTree = "<group>"; };
		EF67EDE528FE73CF006C8C93 /* PersonListViewController.swift */ = {isa = PBXFileReference; lastKnownFileType = sourcecode.swift; path = PersonListViewController.swift; sourceTree = "<group>"; };
		EF67EDE728FE73FE006C8C93 /* Person.swift */ = {isa = PBXFileReference; lastKnownFileType = sourcecode.swift; path = Person.swift; sourceTree = "<group>"; };
		EF67EDE928FEC27F006C8C93 /* PersonDetailsViewController.swift */ = {isa = PBXFileReference; lastKnownFileType = sourcecode.swift; path = PersonDetailsViewController.swift; sourceTree = "<group>"; };
/* End PBXFileReference section */

/* Begin PBXFrameworksBuildPhase section */
		EF67EDCB28FE7155006C8C93 /* Frameworks */ = {
			isa = PBXFrameworksBuildPhase;
			buildActionMask = 2147483647;
			files = (
			);
			runOnlyForDeploymentPostprocessing = 0;
		};
/* End PBXFrameworksBuildPhase section */

/* Begin PBXGroup section */
		EF21A2B628FFAC03007F0066 /* App */ = {
			isa = PBXGroup;
			children = (
				EF67EDD128FE7155006C8C93 /* AppDelegate.swift */,
				EF67EDD328FE7155006C8C93 /* SceneDelegate.swift */,
				EF67EDDF28FE7157006C8C93 /* Info.plist */,
			);
			path = App;
			sourceTree = "<group>";
		};
		EF21A2B728FFAC2C007F0066 /* ViewControllers */ = {
			isa = PBXGroup;
			children = (
				6A7E79A428FF17BE008857EA /* TabBarViewController.swift */,
				EF67EDE528FE73CF006C8C93 /* PersonListViewController.swift */,
				EF67EDE928FEC27F006C8C93 /* PersonDetailsViewController.swift */,
				6A7E79A628FF1BBB008857EA /* ExtendedListViewController.swift */,
			);
			path = ViewControllers;
			sourceTree = "<group>";
		};
		EF21A2B828FFAC3A007F0066 /* Model */ = {
			isa = PBXGroup;
			children = (
				EF67EDE728FE73FE006C8C93 /* Person.swift */,
			);
			path = Model;
			sourceTree = "<group>";
		};
		EF21A2B928FFACBE007F0066 /* Services */ = {
			isa = PBXGroup;
			children = (
				6A7E79A228FF01B6008857EA /* DataManager.swift */,
			);
			path = Services;
			sourceTree = "<group>";
		};
		EF21A2BA28FFACCB007F0066 /* Storyboards */ = {
			isa = PBXGroup;
			children = (
				EF67EDD728FE7155006C8C93 /* Main.storyboard */,
				EF67EDDC28FE7157006C8C93 /* LaunchScreen.storyboard */,
			);
			path = Storyboards;
			sourceTree = "<group>";
		};
		EF67EDC528FE7155006C8C93 = {
			isa = PBXGroup;
			children = (
				EF67EDD028FE7155006C8C93 /* ContactList */,
				EF67EDCF28FE7155006C8C93 /* Products */,
			);
			sourceTree = "<group>";
		};
		EF67EDCF28FE7155006C8C93 /* Products */ = {
			isa = PBXGroup;
			children = (
				EF67EDCE28FE7155006C8C93 /* ContactList.app */,
			);
			name = Products;
			sourceTree = "<group>";
		};
		EF67EDD028FE7155006C8C93 /* ContactList */ = {
			isa = PBXGroup;
			children = (
				EF21A2B628FFAC03007F0066 /* App */,
				EF21A2B928FFACBE007F0066 /* Services */,
				EF21A2B828FFAC3A007F0066 /* Model */,
				EF21A2B728FFAC2C007F0066 /* ViewControllers */,
				EF21A2BA28FFACCB007F0066 /* Storyboards */,
				EF67EDDA28FE7157006C8C93 /* Assets.xcassets */,
			);
			path = ContactList;
			sourceTree = "<group>";
		};
/* End PBXGroup section */

/* Begin PBXNativeTarget section */
		EF67EDCD28FE7155006C8C93 /* ContactList */ = {
			isa = PBXNativeTarget;
			buildConfigurationList = EF67EDE228FE7157006C8C93 /* Build configuration list for PBXNativeTarget "ContactList" */;
			buildPhases = (
				EF67EDCA28FE7155006C8C93 /* Sources */,
				EF67EDCB28FE7155006C8C93 /* Frameworks */,
				EF67EDCC28FE7155006C8C93 /* Resources */,
			);
			buildRules = (
			);
			dependencies = (
			);
			name = ContactList;
			productName = ContactList;
			productReference = EF67EDCE28FE7155006C8C93 /* ContactList.app */;
			productType = "com.apple.product-type.application";
		};
/* End PBXNativeTarget section */

/* Begin PBXProject section */
		EF67EDC628FE7155006C8C93 /* Project object */ = {
			isa = PBXProject;
			attributes = {
				BuildIndependentTargetsInParallel = 1;
				LastSwiftUpdateCheck = 1400;
				LastUpgradeCheck = 1400;
				TargetAttributes = {
					EF67EDCD28FE7155006C8C93 = {
						CreatedOnToolsVersion = 14.0;
					};
				};
			};
			buildConfigurationList = EF67EDC928FE7155006C8C93 /* Build configuration list for PBXProject "ContactList" */;
			compatibilityVersion = "Xcode 14.0";
			developmentRegion = en;
			hasScannedForEncodings = 0;
			knownRegions = (
				en,
				Base,
			);
			mainGroup = EF67EDC528FE7155006C8C93;
			productRefGroup = EF67EDCF28FE7155006C8C93 /* Products */;
			projectDirPath = "";
			projectRoot = "";
			targets = (
				EF67EDCD28FE7155006C8C93 /* ContactList */,
			);
		};
/* End PBXProject section */

/* Begin PBXResourcesBuildPhase section */
		EF67EDCC28FE7155006C8C93 /* Resources */ = {
			isa = PBXResourcesBuildPhase;
			buildActionMask = 2147483647;
			files = (
				EF67EDDE28FE7157006C8C93 /* LaunchScreen.storyboard in Resources */,
				EF67EDDB28FE7157006C8C93 /* Assets.xcassets in Resources */,
				EF67EDD928FE7155006C8C93 /* Main.storyboard in Resources */,
			);
			runOnlyForDeploymentPostprocessing = 0;
		};
/* End PBXResourcesBuildPhase section */

/* Begin PBXSourcesBuildPhase section */
		EF67EDCA28FE7155006C8C93 /* Sources */ = {
			isa = PBXSourcesBuildPhase;
			buildActionMask = 2147483647;
			files = (
				EF67EDE628FE73CF006C8C93 /* PersonListViewController.swift in Sources */,
				6A7E79A328FF01B6008857EA /* DataManager.swift in Sources */,
				EF67EDD228FE7155006C8C93 /* AppDelegate.swift in Sources */,
				EF67EDE828FE73FE006C8C93 /* Person.swift in Sources */,
				6A7E79A528FF17BE008857EA /* TabBarViewController.swift in Sources */,
				EF67EDD428FE7155006C8C93 /* SceneDelegate.swift in Sources */,
				6A7E79A728FF1BBB008857EA /* ExtendedListViewController.swift in Sources */,
				EF67EDEA28FEC27F006C8C93 /* PersonDetailsViewController.swift in Sources */,
			);
			runOnlyForDeploymentPostprocessing = 0;
		};
/* End PBXSourcesBuildPhase section */

/* Begin PBXVariantGroup section */
		EF67EDD728FE7155006C8C93 /* Main.storyboard */ = {
			isa = PBXVariantGroup;
			children = (
				EF67EDD828FE7155006C8C93 /* Base */,
			);
			name = Main.storyboard;
			sourceTree = "<group>";
		};
		EF67EDDC28FE7157006C8C93 /* LaunchScreen.storyboard */ = {
			isa = PBXVariantGroup;
			children = (
				EF67EDDD28FE7157006C8C93 /* Base */,
			);
			name = LaunchScreen.storyboard;
			sourceTree = "<group>";
		};
/* End PBXVariantGroup section */

/* Begin XCBuildConfiguration section */
		EF67EDE028FE7157006C8C93 /* Debug */ = {
			isa = XCBuildConfiguration;
			buildSettings = {
				ALWAYS_SEARCH_USER_PATHS = NO;
				CLANG_ANALYZER_NONNULL = YES;
				CLANG_ANALYZER_NUMBER_OBJECT_CONVERSION = YES_AGGRESSIVE;
				CLANG_CXX_LANGUAGE_STANDARD = "gnu++20";
				CLANG_ENABLE_MODULES = YES;
				CLANG_ENABLE_OBJC_ARC = YES;
				CLANG_ENABLE_OBJC_WEAK = YES;
				CLANG_WARN_BLOCK_CAPTURE_AUTORELEASING = YES;
				CLANG_WARN_BOOL_CONVERSION = YES;
				CLANG_WARN_COMMA = YES;
				CLANG_WARN_CONSTANT_CONVERSION = YES;
				CLANG_WARN_DEPRECATED_OBJC_IMPLEMENTATIONS = YES;
				CLANG_WARN_DIRECT_OBJC_ISA_USAGE = YES_ERROR;
				CLANG_WARN_DOCUMENTATION_COMMENTS = YES;
				CLANG_WARN_EMPTY_BODY = YES;
				CLANG_WARN_ENUM_CONVERSION = YES;
				CLANG_WARN_INFINITE_RECURSION = YES;
				CLANG_WARN_INT_CONVERSION = YES;
				CLANG_WARN_NON_LITERAL_NULL_CONVERSION = YES;
				CLANG_WARN_OBJC_IMPLICIT_RETAIN_SELF = YES;
				CLANG_WARN_OBJC_LITERAL_CONVERSION = YES;
				CLANG_WARN_OBJC_ROOT_CLASS = YES_ERROR;
				CLANG_WARN_QUOTED_INCLUDE_IN_FRAMEWORK_HEADER = YES;
				CLANG_WARN_RANGE_LOOP_ANALYSIS = YES;
				CLANG_WARN_STRICT_PROTOTYPES = YES;
				CLANG_WARN_SUSPICIOUS_MOVE = YES;
				CLANG_WARN_UNGUARDED_AVAILABILITY = YES_AGGRESSIVE;
				CLANG_WARN_UNREACHABLE_CODE = YES;
				CLANG_WARN__DUPLICATE_METHOD_MATCH = YES;
				COPY_PHASE_STRIP = NO;
				DEBUG_INFORMATION_FORMAT = dwarf;
				ENABLE_STRICT_OBJC_MSGSEND = YES;
				ENABLE_TESTABILITY = YES;
				GCC_C_LANGUAGE_STANDARD = gnu11;
				GCC_DYNAMIC_NO_PIC = NO;
				GCC_NO_COMMON_BLOCKS = YES;
				GCC_OPTIMIZATION_LEVEL = 0;
				GCC_PREPROCESSOR_DEFINITIONS = (
					"DEBUG=1",
					"$(inherited)",
				);
				GCC_WARN_64_TO_32_BIT_CONVERSION = YES;
				GCC_WARN_ABOUT_RETURN_TYPE = YES_ERROR;
				GCC_WARN_UNDECLARED_SELECTOR = YES;
				GCC_WARN_UNINITIALIZED_AUTOS = YES_AGGRESSIVE;
				GCC_WARN_UNUSED_FUNCTION = YES;
				GCC_WARN_UNUSED_VARIABLE = YES;
				IPHONEOS_DEPLOYMENT_TARGET = 16.0;
				MTL_ENABLE_DEBUG_INFO = INCLUDE_SOURCE;
				MTL_FAST_MATH = YES;
				ONLY_ACTIVE_ARCH = YES;
				SDKROOT = iphoneos;
				SWIFT_ACTIVE_COMPILATION_CONDITIONS = DEBUG;
				SWIFT_OPTIMIZATION_LEVEL = "-Onone";
			};
			name = Debug;
		};
		EF67EDE128FE7157006C8C93 /* Release */ = {
			isa = XCBuildConfiguration;
			buildSettings = {
				ALWAYS_SEARCH_USER_PATHS = NO;
				CLANG_ANALYZER_NONNULL = YES;
				CLANG_ANALYZER_NUMBER_OBJECT_CONVERSION = YES_AGGRESSIVE;
				CLANG_CXX_LANGUAGE_STANDARD = "gnu++20";
				CLANG_ENABLE_MODULES = YES;
				CLANG_ENABLE_OBJC_ARC = YES;
				CLANG_ENABLE_OBJC_WEAK = YES;
				CLANG_WARN_BLOCK_CAPTURE_AUTORELEASING = YES;
				CLANG_WARN_BOOL_CONVERSION = YES;
				CLANG_WARN_COMMA = YES;
				CLANG_WARN_CONSTANT_CONVERSION = YES;
				CLANG_WARN_DEPRECATED_OBJC_IMPLEMENTATIONS = YES;
				CLANG_WARN_DIRECT_OBJC_ISA_USAGE = YES_ERROR;
				CLANG_WARN_DOCUMENTATION_COMMENTS = YES;
				CLANG_WARN_EMPTY_BODY = YES;
				CLANG_WARN_ENUM_CONVERSION = YES;
				CLANG_WARN_INFINITE_RECURSION = YES;
				CLANG_WARN_INT_CONVERSION = YES;
				CLANG_WARN_NON_LITERAL_NULL_CONVERSION = YES;
				CLANG_WARN_OBJC_IMPLICIT_RETAIN_SELF = YES;
				CLANG_WARN_OBJC_LITERAL_CONVERSION = YES;
				CLANG_WARN_OBJC_ROOT_CLASS = YES_ERROR;
				CLANG_WARN_QUOTED_INCLUDE_IN_FRAMEWORK_HEADER = YES;
				CLANG_WARN_RANGE_LOOP_ANALYSIS = YES;
				CLANG_WARN_STRICT_PROTOTYPES = YES;
				CLANG_WARN_SUSPICIOUS_MOVE = YES;
				CLANG_WARN_UNGUARDED_AVAILABILITY = YES_AGGRESSIVE;
				CLANG_WARN_UNREACHABLE_CODE = YES;
				CLANG_WARN__DUPLICATE_METHOD_MATCH = YES;
				COPY_PHASE_STRIP = NO;
				DEBUG_INFORMATION_FORMAT = "dwarf-with-dsym";
				ENABLE_NS_ASSERTIONS = NO;
				ENABLE_STRICT_OBJC_MSGSEND = YES;
				GCC_C_LANGUAGE_STANDARD = gnu11;
				GCC_NO_COMMON_BLOCKS = YES;
				GCC_WARN_64_TO_32_BIT_CONVERSION = YES;
				GCC_WARN_ABOUT_RETURN_TYPE = YES_ERROR;
				GCC_WARN_UNDECLARED_SELECTOR = YES;
				GCC_WARN_UNINITIALIZED_AUTOS = YES_AGGRESSIVE;
				GCC_WARN_UNUSED_FUNCTION = YES;
				GCC_WARN_UNUSED_VARIABLE = YES;
				IPHONEOS_DEPLOYMENT_TARGET = 16.0;
				MTL_ENABLE_DEBUG_INFO = NO;
				MTL_FAST_MATH = YES;
				SDKROOT = iphoneos;
				SWIFT_COMPILATION_MODE = wholemodule;
				SWIFT_OPTIMIZATION_LEVEL = "-O";
				VALIDATE_PRODUCT = YES;
			};
			name = Release;
		};
		EF67EDE328FE7157006C8C93 /* Debug */ = {
			isa = XCBuildConfiguration;
			buildSettings = {
				ASSETCATALOG_COMPILER_APPICON_NAME = AppIcon;
				ASSETCATALOG_COMPILER_GLOBAL_ACCENT_COLOR_NAME = AccentColor;
				CODE_SIGN_STYLE = Automatic;
				CURRENT_PROJECT_VERSION = 1;
				DEVELOPMENT_TEAM = 789AT898J7;
				GENERATE_INFOPLIST_FILE = YES;
				INFOPLIST_FILE = ContactList/App/Info.plist;
				INFOPLIST_KEY_UIApplicationSupportsIndirectInputEvents = YES;
				INFOPLIST_KEY_UILaunchStoryboardName = LaunchScreen;
				INFOPLIST_KEY_UIMainStoryboardFile = Main;
				INFOPLIST_KEY_UISupportedInterfaceOrientations = UIInterfaceOrientationPortrait;
				INFOPLIST_KEY_UISupportedInterfaceOrientations_iPad = "UIInterfaceOrientationLandscapeLeft UIInterfaceOrientationLandscapeRight UIInterfaceOrientationPortrait UIInterfaceOrientationPortraitUpsideDown";
				IPHONEOS_DEPLOYMENT_TARGET = 15.5;
				LD_RUNPATH_SEARCH_PATHS = (
					"$(inherited)",
					"@executable_path/Frameworks",
				);
				MARKETING_VERSION = 1.0;
				PRODUCT_BUNDLE_IDENTIFIER = ru.iosdevelopment.ContactList;
				PRODUCT_NAME = "$(TARGET_NAME)";
				SUPPORTED_PLATFORMS = "iphoneos iphonesimulator";
				SUPPORTS_MACCATALYST = NO;
				SUPPORTS_MAC_DESIGNED_FOR_IPHONE_IPAD = NO;
				SWIFT_EMIT_LOC_STRINGS = YES;
				SWIFT_VERSION = 5.0;
				TARGETED_DEVICE_FAMILY = 1;
			};
			name = Debug;
		};
		EF67EDE428FE7157006C8C93 /* Release */ = {
			isa = XCBuildConfiguration;
			buildSettings = {
				ASSETCATALOG_COMPILER_APPICON_NAME = AppIcon;
				ASSETCATALOG_COMPILER_GLOBAL_ACCENT_COLOR_NAME = AccentColor;
				CODE_SIGN_STYLE = Automatic;
				CURRENT_PROJECT_VERSION = 1;
				DEVELOPMENT_TEAM = 789AT898J7;
				GENERATE_INFOPLIST_FILE = YES;
				INFOPLIST_FILE = ContactList/App/Info.plist;
				INFOPLIST_KEY_UIApplicationSupportsIndirectInputEvents = YES;
				INFOPLIST_KEY_UILaunchStoryboardName = LaunchScreen;
				INFOPLIST_KEY_UIMainStoryboardFile = Main;
				INFOPLIST_KEY_UISupportedInterfaceOrientations = UIInterfaceOrientationPortrait;
				INFOPLIST_KEY_UISupportedInterfaceOrientations_iPad = "UIInterfaceOrientationLandscapeLeft UIInterfaceOrientationLandscapeRight UIInterfaceOrientationPortrait UIInterfaceOrientationPortraitUpsideDown";
				IPHONEOS_DEPLOYMENT_TARGET = 15.5;
				LD_RUNPATH_SEARCH_PATHS = (
					"$(inherited)",
					"@executable_path/Frameworks",
				);
				MARKETING_VERSION = 1.0;
				PRODUCT_BUNDLE_IDENTIFIER = ru.iosdevelopment.ContactList;
				PRODUCT_NAME = "$(TARGET_NAME)";
				SUPPORTED_PLATFORMS = "iphoneos iphonesimulator";
				SUPPORTS_MACCATALYST = NO;
				SUPPORTS_MAC_DESIGNED_FOR_IPHONE_IPAD = NO;
				SWIFT_EMIT_LOC_STRINGS = YES;
				SWIFT_VERSION = 5.0;
				TARGETED_DEVICE_FAMILY = 1;
			};
			name = Release;
		};
/* End XCBuildConfiguration section */

/* Begin XCConfigurationList section */
		EF67EDC928FE7155006C8C93 /* Build configuration list for PBXProject "ContactList" */ = {
			isa = XCConfigurationList;
			buildConfigurations = (
				EF67EDE028FE7157006C8C93 /* Debug */,
				EF67EDE128FE7157006C8C93 /* Release */,
			);
			defaultConfigurationIsVisible = 0;
			defaultConfigurationName = Release;
		};
		EF67EDE228FE7157006C8C93 /* Build configuration list for PBXNativeTarget "ContactList" */ = {
			isa = XCConfigurationList;
			buildConfigurations = (
				EF67EDE328FE7157006C8C93 /* Debug */,
				EF67EDE428FE7157006C8C93 /* Release */,
			);
			defaultConfigurationIsVisible = 0;
			defaultConfigurationName = Release;
		};
/* End XCConfigurationList section */
	};
	rootObject = EF67EDC628FE7155006C8C93 /* Project object */;
}
